
Microsoft Visual Studio Solution File, Format Version 12.00
# Visual Studio Version 16
VisualStudioVersion = 16.0.30413.136
MinimumVisualStudioVersion = 10.0.40219.1
Project("{FAE04EC0-301F-11D3-BF4B-00C04F79EFBC}") = "DoaçãoNina", "DoaçãoNina\DoaçãoNina.csproj", "{2858DC97-0FC8-4380-8DEC-76A3AA40DADD}"
EndProject
Global
	GlobalSection(SolutionConfigurationPlatforms) = preSolution
		Debug|Any CPU = Debug|Any CPU
		Release|Any CPU = Release|Any CPU
	EndGlobalSection
	GlobalSection(ProjectConfigurationPlatforms) = postSolution
		{2858DC97-0FC8-4380-8DEC-76A3AA40DADD}.Debug|Any CPU.ActiveCfg = Debug|Any CPU
		{2858DC97-0FC8-4380-8DEC-76A3AA40DADD}.Debug|Any CPU.Build.0 = Debug|Any CPU
		{2858DC97-0FC8-4380-8DEC-76A3AA40DADD}.Release|Any CPU.ActiveCfg = Release|Any CPU
		{2858DC97-0FC8-4380-8DEC-76A3AA40DADD}.Release|Any CPU.Build.0 = Release|Any CPU
	EndGlobalSection
	GlobalSection(SolutionProperties) = preSolution
		HideSolutionNode = FALSE
	EndGlobalSection
	GlobalSection(ExtensibilityGlobals) = postSolution
		SolutionGuid = {83656F9A-1DB7-41EF-841B-D545A1B84A6A}
	EndGlobalSection
EndGlobal
